
Microsoft Visual Studio Solution File, Format Version 12.00
# Visual Studio Version 17
VisualStudioVersion = 17.9.34622.214
MinimumVisualStudioVersion = 10.0.40219.1
Project("{FAE04EC0-301F-11D3-BF4B-00C04F79EFBC}") = "LightingSimulation", "LightingSimulation\LightingSimulation.csproj", "{ACDD347C-7FCA-459B-B10C-BBDE709FF59F}"
EndProject
Global
	GlobalSection(SolutionConfigurationPlatforms) = preSolution
		Debug|Any CPU = Debug|Any CPU
		Release|Any CPU = Release|Any CPU
	EndGlobalSection
	GlobalSection(ProjectConfigurationPlatforms) = postSolution
		{ACDD347C-7FCA-459B-B10C-BBDE709FF59F}.Debug|Any CPU.ActiveCfg = Debug|Any CPU
		{ACDD347C-7FCA-459B-B10C-BBDE709FF59F}.Debug|Any CPU.Build.0 = Debug|Any CPU
		{ACDD347C-7FCA-459B-B10C-BBDE709FF59F}.Release|Any CPU.ActiveCfg = Release|Any CPU
		{ACDD347C-7FCA-459B-B10C-BBDE709FF59F}.Release|Any CPU.Build.0 = Release|Any CPU
	EndGlobalSection
	GlobalSection(SolutionProperties) = preSolution
		HideSolutionNode = FALSE
	EndGlobalSection
	GlobalSection(ExtensibilityGlobals) = postSolution
		SolutionGuid = {42D91255-9217-4D84-859C-49E1F68887C1}
	EndGlobalSection
EndGlobal
